// !$*UTF8*$!
{
	archiveVersion = 1;
	classes = {
	};
	objectVersion = 46;
	objects = {

/* Begin PBXBuildFile section */
		49744D4F1ECDD10200950662 /* AppDelegate.swift in Sources */ = {isa = PBXBuildFile; fileRef = 49744D4E1ECDD10200950662 /* AppDelegate.swift */; };
		49744D511ECDD10200950662 /* ViewController.swift in Sources */ = {isa = PBXBuildFile; fileRef = 49744D501ECDD10200950662 /* ViewController.swift */; };
		49744D541ECDD10200950662 /* Main.storyboard in Resources */ = {isa = PBXBuildFile; fileRef = 49744D521ECDD10200950662 /* Main.storyboard */; };
		49744D561ECDD10200950662 /* Assets.xcassets in Resources */ = {isa = PBXBuildFile; fileRef = 49744D551ECDD10200950662 /* Assets.xcassets */; };
		49744D591ECDD10200950662 /* LaunchScreen.storyboard in Resources */ = {isa = PBXBuildFile; fileRef = 49744D571ECDD10200950662 /* LaunchScreen.storyboard */; };
		682FFEDB1ED6C90B00B4566E /* crosshair.png in Resources */ = {isa = PBXBuildFile; fileRef = 682FFEDA1ED6C90B00B4566E /* crosshair.png */; };
		682FFEDD1ED6C9F700B4566E /* Oval.png in Resources */ = {isa = PBXBuildFile; fileRef = 682FFEDC1ED6C9F700B4566E /* Oval.png */; };
		682FFEDF1EDC01C800B4566E /* estensioni.swift in Sources */ = {isa = PBXBuildFile; fileRef = 682FFEDE1EDC01C800B4566E /* estensioni.swift */; };
		683156471EE569D300D35354 /* GForce.swift in Sources */ = {isa = PBXBuildFile; fileRef = 683156461EE569D300D35354 /* GForce.swift */; };
/* End PBXBuildFile section */

/* Begin PBXFileReference section */
		49744D4B1ECDD10200950662 /* GialApp_App.app */ = {isa = PBXFileReference; explicitFileType = wrapper.application; includeInIndex = 0; path = GialApp_App.app; sourceTree = BUILT_PRODUCTS_DIR; };
		49744D4E1ECDD10200950662 /* AppDelegate.swift */ = {isa = PBXFileReference; lastKnownFileType = sourcecode.swift; path = AppDelegate.swift; sourceTree = "<group>"; };
		49744D501ECDD10200950662 /* ViewController.swift */ = {isa = PBXFileReference; lastKnownFileType = sourcecode.swift; path = ViewController.swift; sourceTree = "<group>"; };
		49744D531ECDD10200950662 /* Base */ = {isa = PBXFileReference; lastKnownFileType = file.storyboard; name = Base; path = Base.lproj/Main.storyboard; sourceTree = "<group>"; };
		49744D551ECDD10200950662 /* Assets.xcassets */ = {isa = PBXFileReference; lastKnownFileType = folder.assetcatalog; path = Assets.xcassets; sourceTree = "<group>"; };
		49744D581ECDD10200950662 /* Base */ = {isa = PBXFileReference; lastKnownFileType = file.storyboard; name = Base; path = Base.lproj/LaunchScreen.storyboard; sourceTree = "<group>"; };
		49744D5A1ECDD10200950662 /* Info.plist */ = {isa = PBXFileReference; lastKnownFileType = text.plist.xml; path = Info.plist; sourceTree = "<group>"; };
		682FFEDA1ED6C90B00B4566E /* crosshair.png */ = {isa = PBXFileReference; lastKnownFileType = image.png; path = crosshair.png; sourceTree = "<group>"; };
		682FFEDC1ED6C9F700B4566E /* Oval.png */ = {isa = PBXFileReference; lastKnownFileType = image.png; path = Oval.png; sourceTree = "<group>"; };
		682FFEDE1EDC01C800B4566E /* estensioni.swift */ = {isa = PBXFileReference; fileEncoding = 4; lastKnownFileType = sourcecode.swift; path = estensioni.swift; sourceTree = "<group>"; };
		683156461EE569D300D35354 /* GForce.swift */ = {isa = PBXFileReference; fileEncoding = 4; lastKnownFileType = sourcecode.swift; path = GForce.swift; sourceTree = "<group>"; };
/* End PBXFileReference section */

/* Begin PBXFrameworksBuildPhase section */
		49744D481ECDD10200950662 /* Frameworks */ = {
			isa = PBXFrameworksBuildPhase;
			buildActionMask = 2147483647;
			files = (
			);
			runOnlyForDeploymentPostprocessing = 0;
		};
/* End PBXFrameworksBuildPhase section */

/* Begin PBXGroup section */
		49744D421ECDD10200950662 = {
			isa = PBXGroup;
			children = (
				49744D4D1ECDD10200950662 /* GialApp_App */,
				49744D4C1ECDD10200950662 /* Products */,
			);
			sourceTree = "<group>";
		};
		49744D4C1ECDD10200950662 /* Products */ = {
			isa = PBXGroup;
			children = (
				49744D4B1ECDD10200950662 /* GialApp_App.app */,
			);
			name = Products;
			sourceTree = "<group>";
		};
		49744D4D1ECDD10200950662 /* GialApp_App */ = {
			isa = PBXGroup;
			children = (
				49744D4E1ECDD10200950662 /* AppDelegate.swift */,
				49744D501ECDD10200950662 /* ViewController.swift */,
				683156461EE569D300D35354 /* GForce.swift */,
				682FFEDE1EDC01C800B4566E /* estensioni.swift */,
				682FFEDA1ED6C90B00B4566E /* crosshair.png */,
				49744D521ECDD10200950662 /* Main.storyboard */,
				682FFEDC1ED6C9F700B4566E /* Oval.png */,
				49744D551ECDD10200950662 /* Assets.xcassets */,
				49744D571ECDD10200950662 /* LaunchScreen.storyboard */,
				49744D5A1ECDD10200950662 /* Info.plist */,
			);
			path = GialApp_App;
			sourceTree = "<group>";
		};
/* End PBXGroup section */

/* Begin PBXNativeTarget section */
		49744D4A1ECDD10200950662 /* GialApp_App */ = {
			isa = PBXNativeTarget;
			buildConfigurationList = 49744D5D1ECDD10200950662 /* Build configuration list for PBXNativeTarget "GialApp_App" */;
			buildPhases = (
				49744D471ECDD10200950662 /* Sources */,
				49744D481ECDD10200950662 /* Frameworks */,
				49744D491ECDD10200950662 /* Resources */,
			);
			buildRules = (
			);
			dependencies = (
			);
			name = GialApp_App;
			productName = GialApp_App;
			productReference = 49744D4B1ECDD10200950662 /* GialApp_App.app */;
			productType = "com.apple.product-type.application";
		};
/* End PBXNativeTarget section */

/* Begin PBXProject section */
		49744D431ECDD10200950662 /* Project object */ = {
			isa = PBXProject;
			attributes = {
				LastSwiftUpdateCheck = 0830;
				LastUpgradeCheck = 0830;
				ORGANIZATIONNAME = "Andrew Amato";
				TargetAttributes = {
					49744D4A1ECDD10200950662 = {
						CreatedOnToolsVersion = 8.3.2;
						DevelopmentTeam = 9ZVMLP4E42;
						ProvisioningStyle = Automatic;
					};
				};
			};
			buildConfigurationList = 49744D461ECDD10200950662 /* Build configuration list for PBXProject "GialApp_App" */;
			compatibilityVersion = "Xcode 3.2";
			developmentRegion = English;
			hasScannedForEncodings = 0;
			knownRegions = (
				en,
				Base,
			);
			mainGroup = 49744D421ECDD10200950662;
			productRefGroup = 49744D4C1ECDD10200950662 /* Products */;
			projectDirPath = "";
			projectRoot = "";
			targets = (
				49744D4A1ECDD10200950662 /* GialApp_App */,
			);
		};
/* End PBXProject section */

/* Begin PBXResourcesBuildPhase section */
		49744D491ECDD10200950662 /* Resources */ = {
			isa = PBXResourcesBuildPhase;
			buildActionMask = 2147483647;
			files = (
				49744D591ECDD10200950662 /* LaunchScreen.storyboard in Resources */,
				49744D561ECDD10200950662 /* Assets.xcassets in Resources */,
				682FFEDD1ED6C9F700B4566E /* Oval.png in Resources */,
				682FFEDB1ED6C90B00B4566E /* crosshair.png in Resources */,
				49744D541ECDD10200950662 /* Main.storyboard in Resources */,
			);
			runOnlyForDeploymentPostprocessing = 0;
		};
/* End PBXResourcesBuildPhase section */

/* Begin PBXSourcesBuildPhase section */
		49744D471ECDD10200950662 /* Sources */ = {
			isa = PBXSourcesBuildPhase;
			buildActionMask = 2147483647;
			files = (
				49744D511ECDD10200950662 /* ViewController.swift in Sources */,
				683156471EE569D300D35354 /* GForce.swift in Sources */,
				682FFEDF1EDC01C800B4566E /* estensioni.swift in Sources */,
				49744D4F1ECDD10200950662 /* AppDelegate.swift in Sources */,
			);
			runOnlyForDeploymentPostprocessing = 0;
		};
/* End PBXSourcesBuildPhase section */

/* Begin PBXVariantGroup section */
		49744D521ECDD10200950662 /* Main.storyboard */ = {
			isa = PBXVariantGroup;
			children = (
				49744D531ECDD10200950662 /* Base */,
			);
			name = Main.storyboard;
			sourceTree = "<group>";
		};
		49744D571ECDD10200950662 /* LaunchScreen.storyboard */ = {
			isa = PBXVariantGroup;
			children = (
				49744D581ECDD10200950662 /* Base */,
			);
			name = LaunchScreen.storyboard;
			sourceTree = "<group>";
		};
/* End PBXVariantGroup section */

/* Begin XCBuildConfiguration section */
		49744D5B1ECDD10200950662 /* Debug */ = {
			isa = XCBuildConfiguration;
			buildSettings = {
				ALWAYS_SEARCH_USER_PATHS = NO;
				CLANG_ANALYZER_NONNULL = YES;
				CLANG_ANALYZER_NUMBER_OBJECT_CONVERSION = YES_AGGRESSIVE;
				CLANG_CXX_LANGUAGE_STANDARD = "gnu++0x";
				CLANG_CXX_LIBRARY = "libc++";
				CLANG_ENABLE_MODULES = YES;
				CLANG_ENABLE_OBJC_ARC = YES;
				CLANG_WARN_BOOL_CONVERSION = YES;
				CLANG_WARN_CONSTANT_CONVERSION = YES;
				CLANG_WARN_DIRECT_OBJC_ISA_USAGE = YES_ERROR;
				CLANG_WARN_DOCUMENTATION_COMMENTS = YES;
				CLANG_WARN_EMPTY_BODY = YES;
				CLANG_WARN_ENUM_CONVERSION = YES;
				CLANG_WARN_INFINITE_RECURSION = YES;
				CLANG_WARN_INT_CONVERSION = YES;
				CLANG_WARN_OBJC_ROOT_CLASS = YES_ERROR;
				CLANG_WARN_SUSPICIOUS_MOVE = YES;
				CLANG_WARN_UNREACHABLE_CODE = YES;
				CLANG_WARN__DUPLICATE_METHOD_MATCH = YES;
				"CODE_SIGN_IDENTITY[sdk=iphoneos*]" = "iPhone Developer";
				COPY_PHASE_STRIP = NO;
				DEBUG_INFORMATION_FORMAT = dwarf;
				ENABLE_STRICT_OBJC_MSGSEND = YES;
				ENABLE_TESTABILITY = YES;
				GCC_C_LANGUAGE_STANDARD = gnu99;
				GCC_DYNAMIC_NO_PIC = NO;
				GCC_NO_COMMON_BLOCKS = YES;
				GCC_OPTIMIZATION_LEVEL = 0;
				GCC_PREPROCESSOR_DEFINITIONS = (
					"DEBUG=1",
					"$(inherited)",
				);
				GCC_WARN_64_TO_32_BIT_CONVERSION = YES;
				GCC_WARN_ABOUT_RETURN_TYPE = YES_ERROR;
				GCC_WARN_UNDECLARED_SELECTOR = YES;
				GCC_WARN_UNINITIALIZED_AUTOS = YES_AGGRESSIVE;
				GCC_WARN_UNUSED_FUNCTION = YES;
				GCC_WARN_UNUSED_VARIABLE = YES;
				IPHONEOS_DEPLOYMENT_TARGET = 10.3;
				MTL_ENABLE_DEBUG_INFO = YES;
				ONLY_ACTIVE_ARCH = YES;
				SDKROOT = iphoneos;
				SWIFT_ACTIVE_COMPILATION_CONDITIONS = DEBUG;
				SWIFT_OPTIMIZATION_LEVEL = "-Onone";
				TARGETED_DEVICE_FAMILY = "1,2";
			};
			name = Debug;
		};
		49744D5C1ECDD10200950662 /* Release */ = {
			isa = XCBuildConfiguration;
			buildSettings = {
				ALWAYS_SEARCH_USER_PATHS = NO;
				CLANG_ANALYZER_NONNULL = YES;
				CLANG_ANALYZER_NUMBER_OBJECT_CONVERSION = YES_AGGRESSIVE;
				CLANG_CXX_LANGUAGE_STANDARD = "gnu++0x";
				CLANG_CXX_LIBRARY = "libc++";
				CLANG_ENABLE_MODULES = YES;
				CLANG_ENABLE_OBJC_ARC = YES;
				CLANG_WARN_BOOL_CONVERSION = YES;
				CLANG_WARN_CONSTANT_CONVERSION = YES;
				CLANG_WARN_DIRECT_OBJC_ISA_USAGE = YES_ERROR;
				CLANG_WARN_DOCUMENTATION_COMMENTS = YES;
				CLANG_WARN_EMPTY_BODY = YES;
				CLANG_WARN_ENUM_CONVERSION = YES;
				CLANG_WARN_INFINITE_RECURSION = YES;
				CLANG_WARN_INT_CONVERSION = YES;
				CLANG_WARN_OBJC_ROOT_CLASS = YES_ERROR;
				CLANG_WARN_SUSPICIOUS_MOVE = YES;
				CLANG_WARN_UNREACHABLE_CODE = YES;
				CLANG_WARN__DUPLICATE_METHOD_MATCH = YES;
				"CODE_SIGN_IDENTITY[sdk=iphoneos*]" = "iPhone Developer";
				COPY_PHASE_STRIP = NO;
				DEBUG_INFORMATION_FORMAT = "dwarf-with-dsym";
				ENABLE_NS_ASSERTIONS = NO;
				ENABLE_STRICT_OBJC_MSGSEND = YES;
				GCC_C_LANGUAGE_STANDARD = gnu99;
				GCC_NO_COMMON_BLOCKS = YES;
				GCC_WARN_64_TO_32_BIT_CONVERSION = YES;
				GCC_WARN_ABOUT_RETURN_TYPE = YES_ERROR;
				GCC_WARN_UNDECLARED_SELECTOR = YES;
				GCC_WARN_UNINITIALIZED_AUTOS = YES_AGGRESSIVE;
				GCC_WARN_UNUSED_FUNCTION = YES;
				GCC_WARN_UNUSED_VARIABLE = YES;
				IPHONEOS_DEPLOYMENT_TARGET = 10.3;
				MTL_ENABLE_DEBUG_INFO = NO;
				SDKROOT = iphoneos;
				SWIFT_OPTIMIZATION_LEVEL = "-Owholemodule";
				TARGETED_DEVICE_FAMILY = "1,2";
				VALIDATE_PRODUCT = YES;
			};
			name = Release;
		};
		49744D5E1ECDD10200950662 /* Debug */ = {
			isa = XCBuildConfiguration;
			buildSettings = {
				ASSETCATALOG_COMPILER_APPICON_NAME = AppIcon;
				DEVELOPMENT_TEAM = 9ZVMLP4E42;
				INFOPLIST_FILE = GialApp_App/Info.plist;
				LD_RUNPATH_SEARCH_PATHS = "$(inherited) @executable_path/Frameworks";
				PRODUCT_BUNDLE_IDENTIFIER = "org.iosda.cohort1.com.GialApp-App";
				PRODUCT_NAME = "$(TARGET_NAME)";
				SWIFT_VERSION = 3.0;
			};
			name = Debug;
		};
		49744D5F1ECDD10200950662 /* Release */ = {
			isa = XCBuildConfiguration;
			buildSettings = {
				ASSETCATALOG_COMPILER_APPICON_NAME = AppIcon;
				DEVELOPMENT_TEAM = 9ZVMLP4E42;
				INFOPLIST_FILE = GialApp_App/Info.plist;
				LD_RUNPATH_SEARCH_PATHS = "$(inherited) @executable_path/Frameworks";
				PRODUCT_BUNDLE_IDENTIFIER = "org.iosda.cohort1.com.GialApp-App";
				PRODUCT_NAME = "$(TARGET_NAME)";
				SWIFT_VERSION = 3.0;
			};
			name = Release;
		};
/* End XCBuildConfiguration section */

/* Begin XCConfigurationList section */
		49744D461ECDD10200950662 /* Build configuration list for PBXProject "GialApp_App" */ = {
			isa = XCConfigurationList;
			buildConfigurations = (
				49744D5B1ECDD10200950662 /* Debug */,
				49744D5C1ECDD10200950662 /* Release */,
			);
			defaultConfigurationIsVisible = 0;
			defaultConfigurationName = Release;
		};
		49744D5D1ECDD10200950662 /* Build configuration list for PBXNativeTarget "GialApp_App" */ = {
			isa = XCConfigurationList;
			buildConfigurations = (
				49744D5E1ECDD10200950662 /* Debug */,
				49744D5F1ECDD10200950662 /* Release */,
			);
			defaultConfigurationIsVisible = 0;
			defaultConfigurationName = Release;
		};
/* End XCConfigurationList section */
	};
	rootObject = 49744D431ECDD10200950662 /* Project object */;
}
