// !$*UTF8*$!
{
	archiveVersion = 1;
	classes = {
	};
	objectVersion = 46;
	objects = {

/* Begin PBXBuildFile section */
		340D0A6C1EF9581100B8FD7C /* 911porschav3.ttf in Resources */ = {isa = PBXBuildFile; fileRef = 340D0A6B1EF9581100B8FD7C /* 911porschav3.ttf */; };
		340D0A6E1EF9587400B8FD7C /* Definitions.swift in Sources */ = {isa = PBXBuildFile; fileRef = 340D0A6D1EF9587400B8FD7C /* Definitions.swift */; };
		340D0A701EF958B100B8FD7C /* ProfileTableViewCell.swift in Sources */ = {isa = PBXBuildFile; fileRef = 340D0A6F1EF958B100B8FD7C /* ProfileTableViewCell.swift */; };
		340D0A741EF95A1E00B8FD7C /* ProfileViewController.swift in Sources */ = {isa = PBXBuildFile; fileRef = 340D0A731EF95A1E00B8FD7C /* ProfileViewController.swift */; };
		340D0A761EF95AAB00B8FD7C /* TutorialFistViewController.swift in Sources */ = {isa = PBXBuildFile; fileRef = 340D0A751EF95AAB00B8FD7C /* TutorialFistViewController.swift */; };
		49107E871EE718CF00CB48C9 /* Assets.xcassets in Resources */ = {isa = PBXBuildFile; fileRef = 49107E861EE718CF00CB48C9 /* Assets.xcassets */; };
		4914FB8B1EE41C7300CDF3AE /* TutorialSecondViewController.swift in Sources */ = {isa = PBXBuildFile; fileRef = 4914FB8A1EE41C7300CDF3AE /* TutorialSecondViewController.swift */; };
		4914FB8F1EE41CEF00CDF3AE /* TutorialFourthViewController.swift in Sources */ = {isa = PBXBuildFile; fileRef = 4914FB8E1EE41CEF00CDF3AE /* TutorialFourthViewController.swift */; };
		4938C2EE1EF8297F0035CD44 /* BebasNeue.otf in Resources */ = {isa = PBXBuildFile; fileRef = 4938C2ED1EF8289C0035CD44 /* BebasNeue.otf */; };
		4938C2F41EFBD1DA0035CD44 /* MyCustomUIView.swift in Sources */ = {isa = PBXBuildFile; fileRef = 4938C2F31EFBD1DA0035CD44 /* MyCustomUIView.swift */; };
		4938C2F61EFC15DA0035CD44 /* ViewRuoteUIView.swift in Sources */ = {isa = PBXBuildFile; fileRef = 4938C2F51EFC15DA0035CD44 /* ViewRuoteUIView.swift */; };
		4938C2F81EFC161A0035CD44 /* ViewGforceUIView.swift in Sources */ = {isa = PBXBuildFile; fileRef = 4938C2F71EFC161A0035CD44 /* ViewGforceUIView.swift */; };
		4938C2FA1EFC162D0035CD44 /* ViewAccelerazioneUIView.swift in Sources */ = {isa = PBXBuildFile; fileRef = 4938C2F91EFC162D0035CD44 /* ViewAccelerazioneUIView.swift */; };
		4938C2FC1EFC1AB70035CD44 /* MainUIViewController.swift in Sources */ = {isa = PBXBuildFile; fileRef = 4938C2FB1EFC1AB70035CD44 /* MainUIViewController.swift */; };
		4938C3001EFC70790035CD44 /* ViewLockedUIView.swift in Sources */ = {isa = PBXBuildFile; fileRef = 4938C2FF1EFC70790035CD44 /* ViewLockedUIView.swift */; };
		49744D4F1ECDD10200950662 /* AppDelegate.swift in Sources */ = {isa = PBXBuildFile; fileRef = 49744D4E1ECDD10200950662 /* AppDelegate.swift */; };
		49744D511ECDD10200950662 /* StartViewController.swift in Sources */ = {isa = PBXBuildFile; fileRef = 49744D501ECDD10200950662 /* StartViewController.swift */; };
		49744D541ECDD10200950662 /* Main.storyboard in Resources */ = {isa = PBXBuildFile; fileRef = 49744D521ECDD10200950662 /* Main.storyboard */; };
		49744D591ECDD10200950662 /* LaunchScreen.storyboard in Resources */ = {isa = PBXBuildFile; fileRef = 49744D571ECDD10200950662 /* LaunchScreen.storyboard */; };
		49CBE5C81EEB220100F5327F /* MyCustomImageView.swift in Sources */ = {isa = PBXBuildFile; fileRef = 49CBE5C71EEB220100F5327F /* MyCustomImageView.swift */; };
		6821B7B41EF56E190027D5C0 /* MegarideSingleton.swift in Sources */ = {isa = PBXBuildFile; fileRef = 6821B7B31EF56E190027D5C0 /* MegarideSingleton.swift */; };
/* End PBXBuildFile section */

/* Begin PBXFileReference section */
		340D0A6B1EF9581100B8FD7C /* 911porschav3.ttf */ = {isa = PBXFileReference; lastKnownFileType = file; path = 911porschav3.ttf; sourceTree = "<group>"; };
		340D0A6D1EF9587400B8FD7C /* Definitions.swift */ = {isa = PBXFileReference; fileEncoding = 4; lastKnownFileType = sourcecode.swift; path = Definitions.swift; sourceTree = "<group>"; };
		340D0A6F1EF958B100B8FD7C /* ProfileTableViewCell.swift */ = {isa = PBXFileReference; fileEncoding = 4; lastKnownFileType = sourcecode.swift; path = ProfileTableViewCell.swift; sourceTree = "<group>"; };
		340D0A731EF95A1E00B8FD7C /* ProfileViewController.swift */ = {isa = PBXFileReference; fileEncoding = 4; lastKnownFileType = sourcecode.swift; path = ProfileViewController.swift; sourceTree = "<group>"; };
		340D0A751EF95AAB00B8FD7C /* TutorialFistViewController.swift */ = {isa = PBXFileReference; fileEncoding = 4; lastKnownFileType = sourcecode.swift; path = TutorialFistViewController.swift; sourceTree = "<group>"; };
		49107E861EE718CF00CB48C9 /* Assets.xcassets */ = {isa = PBXFileReference; lastKnownFileType = folder.assetcatalog; path = Assets.xcassets; sourceTree = "<group>"; };
		4914FB8A1EE41C7300CDF3AE /* TutorialSecondViewController.swift */ = {isa = PBXFileReference; fileEncoding = 4; lastKnownFileType = sourcecode.swift; path = TutorialSecondViewController.swift; sourceTree = "<group>"; };
		4914FB8E1EE41CEF00CDF3AE /* TutorialFourthViewController.swift */ = {isa = PBXFileReference; fileEncoding = 4; lastKnownFileType = sourcecode.swift; path = TutorialFourthViewController.swift; sourceTree = "<group>"; };
		4938C2ED1EF8289C0035CD44 /* BebasNeue.otf */ = {isa = PBXFileReference; lastKnownFileType = file; name = BebasNeue.otf; path = GialApp_App/911porscha/BebasNeue.otf; sourceTree = SOURCE_ROOT; };
		4938C2F31EFBD1DA0035CD44 /* MyCustomUIView.swift */ = {isa = PBXFileReference; fileEncoding = 4; lastKnownFileType = sourcecode.swift; path = MyCustomUIView.swift; sourceTree = "<group>"; };
		4938C2F51EFC15DA0035CD44 /* ViewRuoteUIView.swift */ = {isa = PBXFileReference; fileEncoding = 4; lastKnownFileType = sourcecode.swift; path = ViewRuoteUIView.swift; sourceTree = "<group>"; };
		4938C2F71EFC161A0035CD44 /* ViewGforceUIView.swift */ = {isa = PBXFileReference; fileEncoding = 4; lastKnownFileType = sourcecode.swift; path = ViewGforceUIView.swift; sourceTree = "<group>"; };
		4938C2F91EFC162D0035CD44 /* ViewAccelerazioneUIView.swift */ = {isa = PBXFileReference; fileEncoding = 4; lastKnownFileType = sourcecode.swift; path = ViewAccelerazioneUIView.swift; sourceTree = "<group>"; };
		4938C2FB1EFC1AB70035CD44 /* MainUIViewController.swift */ = {isa = PBXFileReference; fileEncoding = 4; lastKnownFileType = sourcecode.swift; path = MainUIViewController.swift; sourceTree = "<group>"; };
		4938C2FF1EFC70790035CD44 /* ViewLockedUIView.swift */ = {isa = PBXFileReference; fileEncoding = 4; lastKnownFileType = sourcecode.swift; path = ViewLockedUIView.swift; sourceTree = "<group>"; };
		49744D4B1ECDD10200950662 /* GialApp_App.app */ = {isa = PBXFileReference; explicitFileType = wrapper.application; includeInIndex = 0; path = GialApp_App.app; sourceTree = BUILT_PRODUCTS_DIR; };
		49744D4E1ECDD10200950662 /* AppDelegate.swift */ = {isa = PBXFileReference; lastKnownFileType = sourcecode.swift; path = AppDelegate.swift; sourceTree = "<group>"; };
		49744D501ECDD10200950662 /* StartViewController.swift */ = {isa = PBXFileReference; lastKnownFileType = sourcecode.swift; path = StartViewController.swift; sourceTree = "<group>"; };
		49744D531ECDD10200950662 /* Base */ = {isa = PBXFileReference; lastKnownFileType = file.storyboard; name = Base; path = Base.lproj/Main.storyboard; sourceTree = "<group>"; };
		49744D581ECDD10200950662 /* Base */ = {isa = PBXFileReference; lastKnownFileType = file.storyboard; name = Base; path = Base.lproj/LaunchScreen.storyboard; sourceTree = "<group>"; };
		49744D5A1ECDD10200950662 /* Info.plist */ = {isa = PBXFileReference; lastKnownFileType = text.plist.xml; name = Info.plist; path = GialApp_App/Info.plist; sourceTree = SOURCE_ROOT; };
		49CBE5C71EEB220100F5327F /* MyCustomImageView.swift */ = {isa = PBXFileReference; fileEncoding = 4; lastKnownFileType = sourcecode.swift; path = MyCustomImageView.swift; sourceTree = "<group>"; };
		6821B7B31EF56E190027D5C0 /* MegarideSingleton.swift */ = {isa = PBXFileReference; fileEncoding = 4; lastKnownFileType = sourcecode.swift; path = MegarideSingleton.swift; sourceTree = "<group>"; };
/* End PBXFileReference section */

/* Begin PBXFrameworksBuildPhase section */
		49744D481ECDD10200950662 /* Frameworks */ = {
			isa = PBXFrameworksBuildPhase;
			buildActionMask = 2147483647;
			files = (
			);
			runOnlyForDeploymentPostprocessing = 0;
		};
/* End PBXFrameworksBuildPhase section */

/* Begin PBXGroup section */
		4914FB891EE41C4900CDF3AE /* View Controllers */ = {
			isa = PBXGroup;
			children = (
				49744D501ECDD10200950662 /* StartViewController.swift */,
				340D0A751EF95AAB00B8FD7C /* TutorialFistViewController.swift */,
				4914FB8A1EE41C7300CDF3AE /* TutorialSecondViewController.swift */,
				4938C2FB1EFC1AB70035CD44 /* MainUIViewController.swift */,
				4914FB8E1EE41CEF00CDF3AE /* TutorialFourthViewController.swift */,
				340D0A731EF95A1E00B8FD7C /* ProfileViewController.swift */,
				340D0A6F1EF958B100B8FD7C /* ProfileTableViewCell.swift */,
			);
			name = "View Controllers";
			sourceTree = "<group>";
		};
		4914FB901EE578EA00CDF3AE /* fonts */ = {
			isa = PBXGroup;
			children = (
				4938C2ED1EF8289C0035CD44 /* BebasNeue.otf */,
				340D0A6B1EF9581100B8FD7C /* 911porschav3.ttf */,
			);
			name = fonts;
			path = 911porscha;
			sourceTree = "<group>";
		};
		49744D421ECDD10200950662 = {
			isa = PBXGroup;
			children = (
				49744D4D1ECDD10200950662 /* GialApp_App */,
				49744D4C1ECDD10200950662 /* Products */,
			);
			sourceTree = "<group>";
		};
		49744D4C1ECDD10200950662 /* Products */ = {
			isa = PBXGroup;
			children = (
				49744D4B1ECDD10200950662 /* GialApp_App.app */,
			);
			name = Products;
			sourceTree = "<group>";
		};
		49744D4D1ECDD10200950662 /* GialApp_App */ = {
			isa = PBXGroup;
			children = (
				49744D4E1ECDD10200950662 /* AppDelegate.swift */,
				4914FB901EE578EA00CDF3AE /* fonts */,
				49744D521ECDD10200950662 /* Main.storyboard */,
				4938C2FF1EFC70790035CD44 /* ViewLockedUIView.swift */,
				4938C2F71EFC161A0035CD44 /* ViewGforceUIView.swift */,
				4938C2F91EFC162D0035CD44 /* ViewAccelerazioneUIView.swift */,
				4938C2F51EFC15DA0035CD44 /* ViewRuoteUIView.swift */,
				49CBE5C71EEB220100F5327F /* MyCustomImageView.swift */,
				49744D571ECDD10200950662 /* LaunchScreen.storyboard */,
				4938C2F31EFBD1DA0035CD44 /* MyCustomUIView.swift */,
				49744D5A1ECDD10200950662 /* Info.plist */,
				49107E861EE718CF00CB48C9 /* Assets.xcassets */,
				6821B7B31EF56E190027D5C0 /* MegarideSingleton.swift */,
				340D0A6D1EF9587400B8FD7C /* Definitions.swift */,
				4914FB891EE41C4900CDF3AE /* View Controllers */,
			);
			path = GialApp_App;
			sourceTree = "<group>";
		};
/* End PBXGroup section */

/* Begin PBXNativeTarget section */
		49744D4A1ECDD10200950662 /* GialApp_App */ = {
			isa = PBXNativeTarget;
			buildConfigurationList = 49744D5D1ECDD10200950662 /* Build configuration list for PBXNativeTarget "GialApp_App" */;
			buildPhases = (
				49744D471ECDD10200950662 /* Sources */,
				49744D481ECDD10200950662 /* Frameworks */,
				49744D491ECDD10200950662 /* Resources */,
			);
			buildRules = (
			);
			dependencies = (
			);
			name = GialApp_App;
			productName = GialApp_App;
			productReference = 49744D4B1ECDD10200950662 /* GialApp_App.app */;
			productType = "com.apple.product-type.application";
		};
/* End PBXNativeTarget section */

/* Begin PBXProject section */
		49744D431ECDD10200950662 /* Project object */ = {
			isa = PBXProject;
			attributes = {
				LastSwiftUpdateCheck = 0830;
				LastUpgradeCheck = 0830;
				ORGANIZATIONNAME = "Andrew Amato";
				TargetAttributes = {
					49744D4A1ECDD10200950662 = {
						CreatedOnToolsVersion = 8.3.2;
						DevelopmentTeam = 9ZVMLP4E42;
						ProvisioningStyle = Automatic;
					};
				};
			};
			buildConfigurationList = 49744D461ECDD10200950662 /* Build configuration list for PBXProject "GialApp_App" */;
			compatibilityVersion = "Xcode 3.2";
			developmentRegion = English;
			hasScannedForEncodings = 0;
			knownRegions = (
				en,
				Base,
			);
			mainGroup = 49744D421ECDD10200950662;
			productRefGroup = 49744D4C1ECDD10200950662 /* Products */;
			projectDirPath = "";
			projectRoot = "";
			targets = (
				49744D4A1ECDD10200950662 /* GialApp_App */,
			);
		};
/* End PBXProject section */

/* Begin PBXResourcesBuildPhase section */
		49744D491ECDD10200950662 /* Resources */ = {
			isa = PBXResourcesBuildPhase;
			buildActionMask = 2147483647;
			files = (
				4938C2EE1EF8297F0035CD44 /* BebasNeue.otf in Resources */,
				340D0A6C1EF9581100B8FD7C /* 911porschav3.ttf in Resources */,
				49744D591ECDD10200950662 /* LaunchScreen.storyboard in Resources */,
				49107E871EE718CF00CB48C9 /* Assets.xcassets in Resources */,
				49744D541ECDD10200950662 /* Main.storyboard in Resources */,
			);
			runOnlyForDeploymentPostprocessing = 0;
		};
/* End PBXResourcesBuildPhase section */

/* Begin PBXSourcesBuildPhase section */
		49744D471ECDD10200950662 /* Sources */ = {
			isa = PBXSourcesBuildPhase;
			buildActionMask = 2147483647;
			files = (
				4938C2F61EFC15DA0035CD44 /* ViewRuoteUIView.swift in Sources */,
				4914FB8F1EE41CEF00CDF3AE /* TutorialFourthViewController.swift in Sources */,
				340D0A6E1EF9587400B8FD7C /* Definitions.swift in Sources */,
				4938C2FA1EFC162D0035CD44 /* ViewAccelerazioneUIView.swift in Sources */,
				4938C2F81EFC161A0035CD44 /* ViewGforceUIView.swift in Sources */,
				4914FB8B1EE41C7300CDF3AE /* TutorialSecondViewController.swift in Sources */,
				340D0A701EF958B100B8FD7C /* ProfileTableViewCell.swift in Sources */,
				4938C2FC1EFC1AB70035CD44 /* MainUIViewController.swift in Sources */,
				340D0A761EF95AAB00B8FD7C /* TutorialFistViewController.swift in Sources */,
				49744D511ECDD10200950662 /* StartViewController.swift in Sources */,
				6821B7B41EF56E190027D5C0 /* MegarideSingleton.swift in Sources */,
				340D0A741EF95A1E00B8FD7C /* ProfileViewController.swift in Sources */,
				4938C2F41EFBD1DA0035CD44 /* MyCustomUIView.swift in Sources */,
				49CBE5C81EEB220100F5327F /* MyCustomImageView.swift in Sources */,
				4938C3001EFC70790035CD44 /* ViewLockedUIView.swift in Sources */,
				49744D4F1ECDD10200950662 /* AppDelegate.swift in Sources */,
			);
			runOnlyForDeploymentPostprocessing = 0;
		};
/* End PBXSourcesBuildPhase section */

/* Begin PBXVariantGroup section */
		49744D521ECDD10200950662 /* Main.storyboard */ = {
			isa = PBXVariantGroup;
			children = (
				49744D531ECDD10200950662 /* Base */,
			);
			name = Main.storyboard;
			sourceTree = "<group>";
		};
		49744D571ECDD10200950662 /* LaunchScreen.storyboard */ = {
			isa = PBXVariantGroup;
			children = (
				49744D581ECDD10200950662 /* Base */,
			);
			name = LaunchScreen.storyboard;
			sourceTree = "<group>";
		};
/* End PBXVariantGroup section */

/* Begin XCBuildConfiguration section */
		49744D5B1ECDD10200950662 /* Debug */ = {
			isa = XCBuildConfiguration;
			buildSettings = {
				ALWAYS_SEARCH_USER_PATHS = NO;
				CLANG_ANALYZER_NONNULL = YES;
				CLANG_ANALYZER_NUMBER_OBJECT_CONVERSION = YES_AGGRESSIVE;
				CLANG_CXX_LANGUAGE_STANDARD = "gnu++0x";
				CLANG_CXX_LIBRARY = "libc++";
				CLANG_ENABLE_MODULES = YES;
				CLANG_ENABLE_OBJC_ARC = YES;
				CLANG_WARN_BOOL_CONVERSION = YES;
				CLANG_WARN_CONSTANT_CONVERSION = YES;
				CLANG_WARN_DIRECT_OBJC_ISA_USAGE = YES_ERROR;
				CLANG_WARN_DOCUMENTATION_COMMENTS = YES;
				CLANG_WARN_EMPTY_BODY = YES;
				CLANG_WARN_ENUM_CONVERSION = YES;
				CLANG_WARN_INFINITE_RECURSION = YES;
				CLANG_WARN_INT_CONVERSION = YES;
				CLANG_WARN_OBJC_ROOT_CLASS = YES_ERROR;
				CLANG_WARN_SUSPICIOUS_MOVE = YES;
				CLANG_WARN_UNREACHABLE_CODE = YES;
				CLANG_WARN__DUPLICATE_METHOD_MATCH = YES;
				"CODE_SIGN_IDENTITY[sdk=iphoneos*]" = "iPhone Developer";
				COPY_PHASE_STRIP = NO;
				DEBUG_INFORMATION_FORMAT = dwarf;
				ENABLE_STRICT_OBJC_MSGSEND = YES;
				ENABLE_TESTABILITY = YES;
				GCC_C_LANGUAGE_STANDARD = gnu99;
				GCC_DYNAMIC_NO_PIC = NO;
				GCC_NO_COMMON_BLOCKS = YES;
				GCC_OPTIMIZATION_LEVEL = 0;
				GCC_PREPROCESSOR_DEFINITIONS = (
					"DEBUG=1",
					"$(inherited)",
				);
				GCC_WARN_64_TO_32_BIT_CONVERSION = YES;
				GCC_WARN_ABOUT_RETURN_TYPE = YES_ERROR;
				GCC_WARN_UNDECLARED_SELECTOR = YES;
				GCC_WARN_UNINITIALIZED_AUTOS = YES_AGGRESSIVE;
				GCC_WARN_UNUSED_FUNCTION = YES;
				GCC_WARN_UNUSED_VARIABLE = YES;
				IPHONEOS_DEPLOYMENT_TARGET = 10.3;
				MTL_ENABLE_DEBUG_INFO = YES;
				ONLY_ACTIVE_ARCH = YES;
				SDKROOT = iphoneos;
				SWIFT_ACTIVE_COMPILATION_CONDITIONS = DEBUG;
				SWIFT_OPTIMIZATION_LEVEL = "-Onone";
				TARGETED_DEVICE_FAMILY = "1,2";
			};
			name = Debug;
		};
		49744D5C1ECDD10200950662 /* Release */ = {
			isa = XCBuildConfiguration;
			buildSettings = {
				ALWAYS_SEARCH_USER_PATHS = NO;
				CLANG_ANALYZER_NONNULL = YES;
				CLANG_ANALYZER_NUMBER_OBJECT_CONVERSION = YES_AGGRESSIVE;
				CLANG_CXX_LANGUAGE_STANDARD = "gnu++0x";
				CLANG_CXX_LIBRARY = "libc++";
				CLANG_ENABLE_MODULES = YES;
				CLANG_ENABLE_OBJC_ARC = YES;
				CLANG_WARN_BOOL_CONVERSION = YES;
				CLANG_WARN_CONSTANT_CONVERSION = YES;
				CLANG_WARN_DIRECT_OBJC_ISA_USAGE = YES_ERROR;
				CLANG_WARN_DOCUMENTATION_COMMENTS = YES;
				CLANG_WARN_EMPTY_BODY = YES;
				CLANG_WARN_ENUM_CONVERSION = YES;
				CLANG_WARN_INFINITE_RECURSION = YES;
				CLANG_WARN_INT_CONVERSION = YES;
				CLANG_WARN_OBJC_ROOT_CLASS = YES_ERROR;
				CLANG_WARN_SUSPICIOUS_MOVE = YES;
				CLANG_WARN_UNREACHABLE_CODE = YES;
				CLANG_WARN__DUPLICATE_METHOD_MATCH = YES;
				"CODE_SIGN_IDENTITY[sdk=iphoneos*]" = "iPhone Developer";
				COPY_PHASE_STRIP = NO;
				DEBUG_INFORMATION_FORMAT = "dwarf-with-dsym";
				ENABLE_NS_ASSERTIONS = NO;
				ENABLE_STRICT_OBJC_MSGSEND = YES;
				GCC_C_LANGUAGE_STANDARD = gnu99;
				GCC_NO_COMMON_BLOCKS = YES;
				GCC_WARN_64_TO_32_BIT_CONVERSION = YES;
				GCC_WARN_ABOUT_RETURN_TYPE = YES_ERROR;
				GCC_WARN_UNDECLARED_SELECTOR = YES;
				GCC_WARN_UNINITIALIZED_AUTOS = YES_AGGRESSIVE;
				GCC_WARN_UNUSED_FUNCTION = YES;
				GCC_WARN_UNUSED_VARIABLE = YES;
				IPHONEOS_DEPLOYMENT_TARGET = 10.3;
				MTL_ENABLE_DEBUG_INFO = NO;
				SDKROOT = iphoneos;
				SWIFT_OPTIMIZATION_LEVEL = "-Owholemodule";
				TARGETED_DEVICE_FAMILY = "1,2";
				VALIDATE_PRODUCT = YES;
			};
			name = Release;
		};
		49744D5E1ECDD10200950662 /* Debug */ = {
			isa = XCBuildConfiguration;
			buildSettings = {
				ASSETCATALOG_COMPILER_APPICON_NAME = AppIcon;
				DEVELOPMENT_TEAM = 9ZVMLP4E42;
				INFOPLIST_FILE = GialApp_App/Info.plist;
				LD_RUNPATH_SEARCH_PATHS = "$(inherited) @executable_path/Frameworks";
				PRODUCT_BUNDLE_IDENTIFIER = "org.iosda.cohort1.com.GialApp-App";
				PRODUCT_NAME = "$(TARGET_NAME)";
				SWIFT_VERSION = 3.0;
			};
			name = Debug;
		};
		49744D5F1ECDD10200950662 /* Release */ = {
			isa = XCBuildConfiguration;
			buildSettings = {
				ASSETCATALOG_COMPILER_APPICON_NAME = AppIcon;
				DEVELOPMENT_TEAM = 9ZVMLP4E42;
				INFOPLIST_FILE = GialApp_App/Info.plist;
				LD_RUNPATH_SEARCH_PATHS = "$(inherited) @executable_path/Frameworks";
				PRODUCT_BUNDLE_IDENTIFIER = "org.iosda.cohort1.com.GialApp-App";
				PRODUCT_NAME = "$(TARGET_NAME)";
				SWIFT_VERSION = 3.0;
			};
			name = Release;
		};
/* End XCBuildConfiguration section */

/* Begin XCConfigurationList section */
		49744D461ECDD10200950662 /* Build configuration list for PBXProject "GialApp_App" */ = {
			isa = XCConfigurationList;
			buildConfigurations = (
				49744D5B1ECDD10200950662 /* Debug */,
				49744D5C1ECDD10200950662 /* Release */,
			);
			defaultConfigurationIsVisible = 0;
			defaultConfigurationName = Release;
		};
		49744D5D1ECDD10200950662 /* Build configuration list for PBXNativeTarget "GialApp_App" */ = {
			isa = XCConfigurationList;
			buildConfigurations = (
				49744D5E1ECDD10200950662 /* Debug */,
				49744D5F1ECDD10200950662 /* Release */,
			);
			defaultConfigurationIsVisible = 0;
			defaultConfigurationName = Release;
		};
/* End XCConfigurationList section */
	};
	rootObject = 49744D431ECDD10200950662 /* Project object */;
}
